
Microsoft Visual Studio Solution File, Format Version 12.00
# Visual Studio Version 16
VisualStudioVersion = 16.0.29806.167
MinimumVisualStudioVersion = 10.0.40219.1
Project("{9A19103F-16F7-4668-BE54-9A1E7A4F7556}") = "Demo.API", "DemoAPI\Demo.API.csproj", "{B16B4283-2790-46CC-A785-D1B56E461B71}"
EndProject
Project("{9A19103F-16F7-4668-BE54-9A1E7A4F7556}") = "Demo.Business", "Demo.Business\Demo.Business.csproj", "{A8AA8A89-0A4D-495E-ABB5-78A7F73B2AF9}"
EndProject
Project("{9A19103F-16F7-4668-BE54-9A1E7A4F7556}") = "Demo.Entities", "Demo.Entities\Demo.Entities.csproj", "{91422D22-67BB-4956-9CAB-70E36F6CDF7C}"
EndProject
Project("{9A19103F-16F7-4668-BE54-9A1E7A4F7556}") = "Demo.Repos", "Demo.Repos\Demo.Repos.csproj", "{B4B2F0B3-4CF1-4BEC-B748-92B334F2685C}"
EndProject
Project("{FAE04EC0-301F-11D3-BF4B-00C04F79EFBC}") = "Demo.Utilities", "Demo.Utilities\Demo.Utilities.csproj", "{C593B54F-B669-4972-AF69-2B0AA6F2005F}"
EndProject
Global
	GlobalSection(SolutionConfigurationPlatforms) = preSolution
		Debug|Any CPU = Debug|Any CPU
		Release|Any CPU = Release|Any CPU
	EndGlobalSection
	GlobalSection(ProjectConfigurationPlatforms) = postSolution
		{B16B4283-2790-46CC-A785-D1B56E461B71}.Debug|Any CPU.ActiveCfg = Debug|Any CPU
		{B16B4283-2790-46CC-A785-D1B56E461B71}.Debug|Any CPU.Build.0 = Debug|Any CPU
		{B16B4283-2790-46CC-A785-D1B56E461B71}.Release|Any CPU.ActiveCfg = Release|Any CPU
		{B16B4283-2790-46CC-A785-D1B56E461B71}.Release|Any CPU.Build.0 = Release|Any CPU
		{A8AA8A89-0A4D-495E-ABB5-78A7F73B2AF9}.Debug|Any CPU.ActiveCfg = Debug|Any CPU
		{A8AA8A89-0A4D-495E-ABB5-78A7F73B2AF9}.Debug|Any CPU.Build.0 = Debug|Any CPU
		{A8AA8A89-0A4D-495E-ABB5-78A7F73B2AF9}.Release|Any CPU.ActiveCfg = Release|Any CPU
		{A8AA8A89-0A4D-495E-ABB5-78A7F73B2AF9}.Release|Any CPU.Build.0 = Release|Any CPU
		{91422D22-67BB-4956-9CAB-70E36F6CDF7C}.Debug|Any CPU.ActiveCfg = Debug|Any CPU
		{91422D22-67BB-4956-9CAB-70E36F6CDF7C}.Debug|Any CPU.Build.0 = Debug|Any CPU
		{91422D22-67BB-4956-9CAB-70E36F6CDF7C}.Release|Any CPU.ActiveCfg = Release|Any CPU
		{91422D22-67BB-4956-9CAB-70E36F6CDF7C}.Release|Any CPU.Build.0 = Release|Any CPU
		{B4B2F0B3-4CF1-4BEC-B748-92B334F2685C}.Debug|Any CPU.ActiveCfg = Debug|Any CPU
		{B4B2F0B3-4CF1-4BEC-B748-92B334F2685C}.Debug|Any CPU.Build.0 = Debug|Any CPU
		{B4B2F0B3-4CF1-4BEC-B748-92B334F2685C}.Release|Any CPU.ActiveCfg = Release|Any CPU
		{B4B2F0B3-4CF1-4BEC-B748-92B334F2685C}.Release|Any CPU.Build.0 = Release|Any CPU
		{C593B54F-B669-4972-AF69-2B0AA6F2005F}.Debug|Any CPU.ActiveCfg = Debug|Any CPU
		{C593B54F-B669-4972-AF69-2B0AA6F2005F}.Debug|Any CPU.Build.0 = Debug|Any CPU
		{C593B54F-B669-4972-AF69-2B0AA6F2005F}.Release|Any CPU.ActiveCfg = Release|Any CPU
		{C593B54F-B669-4972-AF69-2B0AA6F2005F}.Release|Any CPU.Build.0 = Release|Any CPU
	EndGlobalSection
	GlobalSection(SolutionProperties) = preSolution
		HideSolutionNode = FALSE
	EndGlobalSection
	GlobalSection(ExtensibilityGlobals) = postSolution
		SolutionGuid = {E2F17D82-3FD1-4EFF-8CF6-D110518E6ADF}
	EndGlobalSection
EndGlobal
